
Microsoft Visual Studio Solution File, Format Version 12.00
# Visual Studio Version 17
VisualStudioVersion = 17.3.32825.248
MinimumVisualStudioVersion = 10.0.40219.1
Project("{FAE04EC0-301F-11D3-BF4B-00C04F79EFBC}") = "PruebaDev", "PruebaDev\PruebaDev.csproj", "{4160F4FD-0109-4B27-B6F6-5D9AE71A8EFB}"
EndProject
Global
	GlobalSection(SolutionConfigurationPlatforms) = preSolution
		Debug|Any CPU = Debug|Any CPU
		Release|Any CPU = Release|Any CPU
	EndGlobalSection
	GlobalSection(ProjectConfigurationPlatforms) = postSolution
		{4160F4FD-0109-4B27-B6F6-5D9AE71A8EFB}.Debug|Any CPU.ActiveCfg = Debug|Any CPU
		{4160F4FD-0109-4B27-B6F6-5D9AE71A8EFB}.Debug|Any CPU.Build.0 = Debug|Any CPU
		{4160F4FD-0109-4B27-B6F6-5D9AE71A8EFB}.Release|Any CPU.ActiveCfg = Release|Any CPU
		{4160F4FD-0109-4B27-B6F6-5D9AE71A8EFB}.Release|Any CPU.Build.0 = Release|Any CPU
	EndGlobalSection
	GlobalSection(SolutionProperties) = preSolution
		HideSolutionNode = FALSE
	EndGlobalSection
	GlobalSection(ExtensibilityGlobals) = postSolution
		SolutionGuid = {27F8A720-66ED-4FDD-B26F-85BC4441EA66}
	EndGlobalSection
EndGlobal
